// !$*UTF8*$!
{
	archiveVersion = 1;
	classes = {
	};
	objectVersion = 46;
	objects = {

/* Begin PBXBuildFile section */
		CECF4CA21C0699E500A8E91D /* AppDelegate.swift in Sources */ = {isa = PBXBuildFile; fileRef = CECF4CA11C0699E500A8E91D /* AppDelegate.swift */; };
		CECF4CA41C0699E500A8E91D /* ViewController.swift in Sources */ = {isa = PBXBuildFile; fileRef = CECF4CA31C0699E500A8E91D /* ViewController.swift */; };
		CECF4CA71C0699E500A8E91D /* Main.storyboard in Resources */ = {isa = PBXBuildFile; fileRef = CECF4CA51C0699E500A8E91D /* Main.storyboard */; };
		CECF4CAA1C0699E500A8E91D /* retro_calculator.xcdatamodeld in Sources */ = {isa = PBXBuildFile; fileRef = CECF4CA81C0699E500A8E91D /* retro_calculator.xcdatamodeld */; };
		CECF4CAC1C0699E500A8E91D /* Assets.xcassets in Resources */ = {isa = PBXBuildFile; fileRef = CECF4CAB1C0699E500A8E91D /* Assets.xcassets */; };
		CECF4CAF1C0699E500A8E91D /* LaunchScreen.storyboard in Resources */ = {isa = PBXBuildFile; fileRef = CECF4CAD1C0699E500A8E91D /* LaunchScreen.storyboard */; };
/* End PBXBuildFile section */

/* Begin PBXFileReference section */
		CECF4C9E1C0699E500A8E91D /* retro-calculator.app */ = {isa = PBXFileReference; explicitFileType = wrapper.application; includeInIndex = 0; path = "retro-calculator.app"; sourceTree = BUILT_PRODUCTS_DIR; };
		CECF4CA11C0699E500A8E91D /* AppDelegate.swift */ = {isa = PBXFileReference; lastKnownFileType = sourcecode.swift; path = AppDelegate.swift; sourceTree = "<group>"; };
		CECF4CA31C0699E500A8E91D /* ViewController.swift */ = {isa = PBXFileReference; lastKnownFileType = sourcecode.swift; path = ViewController.swift; sourceTree = "<group>"; };
		CECF4CA61C0699E500A8E91D /* Base */ = {isa = PBXFileReference; lastKnownFileType = file.storyboard; name = Base; path = Base.lproj/Main.storyboard; sourceTree = "<group>"; };
		CECF4CA91C0699E500A8E91D /* retro_calculator.xcdatamodel */ = {isa = PBXFileReference; lastKnownFileType = wrapper.xcdatamodel; path = retro_calculator.xcdatamodel; sourceTree = "<group>"; };
		CECF4CAB1C0699E500A8E91D /* Assets.xcassets */ = {isa = PBXFileReference; lastKnownFileType = folder.assetcatalog; path = Assets.xcassets; sourceTree = "<group>"; };
		CECF4CAE1C0699E500A8E91D /* Base */ = {isa = PBXFileReference; lastKnownFileType = file.storyboard; name = Base; path = Base.lproj/LaunchScreen.storyboard; sourceTree = "<group>"; };
		CECF4CB01C0699E500A8E91D /* Info.plist */ = {isa = PBXFileReference; lastKnownFileType = text.plist.xml; path = Info.plist; sourceTree = "<group>"; };
/* End PBXFileReference section */

/* Begin PBXFrameworksBuildPhase section */
		CECF4C9B1C0699E500A8E91D /* Frameworks */ = {
			isa = PBXFrameworksBuildPhase;
			buildActionMask = 2147483647;
			files = (
			);
			runOnlyForDeploymentPostprocessing = 0;
		};
/* End PBXFrameworksBuildPhase section */

/* Begin PBXGroup section */
		CECF4C951C0699E500A8E91D = {
			isa = PBXGroup;
			children = (
				CECF4CA01C0699E500A8E91D /* retro-calculator */,
				CECF4C9F1C0699E500A8E91D /* Products */,
			);
			sourceTree = "<group>";
		};
		CECF4C9F1C0699E500A8E91D /* Products */ = {
			isa = PBXGroup;
			children = (
				CECF4C9E1C0699E500A8E91D /* retro-calculator.app */,
			);
			name = Products;
			sourceTree = "<group>";
		};
		CECF4CA01C0699E500A8E91D /* retro-calculator */ = {
			isa = PBXGroup;
			children = (
				CECF4CA11C0699E500A8E91D /* AppDelegate.swift */,
				CECF4CA31C0699E500A8E91D /* ViewController.swift */,
				CECF4CA51C0699E500A8E91D /* Main.storyboard */,
				CECF4CAB1C0699E500A8E91D /* Assets.xcassets */,
				CECF4CAD1C0699E500A8E91D /* LaunchScreen.storyboard */,
				CECF4CB01C0699E500A8E91D /* Info.plist */,
				CECF4CA81C0699E500A8E91D /* retro_calculator.xcdatamodeld */,
			);
			path = "retro-calculator";
			sourceTree = "<group>";
		};
/* End PBXGroup section */

/* Begin PBXNativeTarget section */
		CECF4C9D1C0699E500A8E91D /* retro-calculator */ = {
			isa = PBXNativeTarget;
			buildConfigurationList = CECF4CB31C0699E500A8E91D /* Build configuration list for PBXNativeTarget "retro-calculator" */;
			buildPhases = (
				CECF4C9A1C0699E500A8E91D /* Sources */,
				CECF4C9B1C0699E500A8E91D /* Frameworks */,
				CECF4C9C1C0699E500A8E91D /* Resources */,
			);
			buildRules = (
			);
			dependencies = (
			);
			name = "retro-calculator";
			productName = "retro-calculator";
			productReference = CECF4C9E1C0699E500A8E91D /* retro-calculator.app */;
			productType = "com.apple.product-type.application";
		};
/* End PBXNativeTarget section */

/* Begin PBXProject section */
		CECF4C961C0699E500A8E91D /* Project object */ = {
			isa = PBXProject;
			attributes = {
				LastSwiftUpdateCheck = 0710;
				LastUpgradeCheck = 0710;
				ORGANIZATIONNAME = "PACKSHI BIZ";
				TargetAttributes = {
					CECF4C9D1C0699E500A8E91D = {
						CreatedOnToolsVersion = 7.1;
						DevelopmentTeam = PZ6NFR2N94;
					};
				};
			};
			buildConfigurationList = CECF4C991C0699E500A8E91D /* Build configuration list for PBXProject "retro-calculator" */;
			compatibilityVersion = "Xcode 3.2";
			developmentRegion = English;
			hasScannedForEncodings = 0;
			knownRegions = (
				en,
				Base,
			);
			mainGroup = CECF4C951C0699E500A8E91D;
			productRefGroup = CECF4C9F1C0699E500A8E91D /* Products */;
			projectDirPath = "";
			projectRoot = "";
			targets = (
				CECF4C9D1C0699E500A8E91D /* retro-calculator */,
			);
		};
/* End PBXProject section */

/* Begin PBXResourcesBuildPhase section */
		CECF4C9C1C0699E500A8E91D /* Resources */ = {
			isa = PBXResourcesBuildPhase;
			buildActionMask = 2147483647;
			files = (
				CECF4CAF1C0699E500A8E91D /* LaunchScreen.storyboard in Resources */,
				CECF4CAC1C0699E500A8E91D /* Assets.xcassets in Resources */,
				CECF4CA71C0699E500A8E91D /* Main.storyboard in Resources */,
			);
			runOnlyForDeploymentPostprocessing = 0;
		};
/* End PBXResourcesBuildPhase section */

/* Begin PBXSourcesBuildPhase section */
		CECF4C9A1C0699E500A8E91D /* Sources */ = {
			isa = PBXSourcesBuildPhase;
			buildActionMask = 2147483647;
			files = (
				CECF4CA41C0699E500A8E91D /* ViewController.swift in Sources */,
				CECF4CAA1C0699E500A8E91D /* retro_calculator.xcdatamodeld in Sources */,
				CECF4CA21C0699E500A8E91D /* AppDelegate.swift in Sources */,
			);
			runOnlyForDeploymentPostprocessing = 0;
		};
/* End PBXSourcesBuildPhase section */

/* Begin PBXVariantGroup section */
		CECF4CA51C0699E500A8E91D /* Main.storyboard */ = {
			isa = PBXVariantGroup;
			children = (
				CECF4CA61C0699E500A8E91D /* Base */,
			);
			name = Main.storyboard;
			sourceTree = "<group>";
		};
		CECF4CAD1C0699E500A8E91D /* LaunchScreen.storyboard */ = {
			isa = PBXVariantGroup;
			children = (
				CECF4CAE1C0699E500A8E91D /* Base */,
			);
			name = LaunchScreen.storyboard;
			sourceTree = "<group>";
		};
/* End PBXVariantGroup section */

/* Begin XCBuildConfiguration section */
		CECF4CB11C0699E500A8E91D /* Debug */ = {
			isa = XCBuildConfiguration;
			buildSettings = {
				ALWAYS_SEARCH_USER_PATHS = NO;
				CLANG_CXX_LANGUAGE_STANDARD = "gnu++0x";
				CLANG_CXX_LIBRARY = "libc++";
				CLANG_ENABLE_MODULES = YES;
				CLANG_ENABLE_OBJC_ARC = YES;
				CLANG_WARN_BOOL_CONVERSION = YES;
				CLANG_WARN_CONSTANT_CONVERSION = YES;
				CLANG_WARN_DIRECT_OBJC_ISA_USAGE = YES_ERROR;
				CLANG_WARN_EMPTY_BODY = YES;
				CLANG_WARN_ENUM_CONVERSION = YES;
				CLANG_WARN_INT_CONVERSION = YES;
				CLANG_WARN_OBJC_ROOT_CLASS = YES_ERROR;
				CLANG_WARN_UNREACHABLE_CODE = YES;
				CLANG_WARN__DUPLICATE_METHOD_MATCH = YES;
				"CODE_SIGN_IDENTITY[sdk=iphoneos*]" = "iPhone Developer";
				COPY_PHASE_STRIP = NO;
				DEBUG_INFORMATION_FORMAT = dwarf;
				ENABLE_STRICT_OBJC_MSGSEND = YES;
				ENABLE_TESTABILITY = YES;
				GCC_C_LANGUAGE_STANDARD = gnu99;
				GCC_DYNAMIC_NO_PIC = NO;
				GCC_NO_COMMON_BLOCKS = YES;
				GCC_OPTIMIZATION_LEVEL = 0;
				GCC_PREPROCESSOR_DEFINITIONS = (
					"DEBUG=1",
					"$(inherited)",
				);
				GCC_WARN_64_TO_32_BIT_CONVERSION = YES;
				GCC_WARN_ABOUT_RETURN_TYPE = YES_ERROR;
				GCC_WARN_UNDECLARED_SELECTOR = YES;
				GCC_WARN_UNINITIALIZED_AUTOS = YES_AGGRESSIVE;
				GCC_WARN_UNUSED_FUNCTION = YES;
				GCC_WARN_UNUSED_VARIABLE = YES;
				IPHONEOS_DEPLOYMENT_TARGET = 9.1;
				MTL_ENABLE_DEBUG_INFO = YES;
				ONLY_ACTIVE_ARCH = YES;
				SDKROOT = iphoneos;
				SWIFT_OPTIMIZATION_LEVEL = "-Onone";
			};
			name = Debug;
		};
		CECF4CB21C0699E500A8E91D /* Release */ = {
			isa = XCBuildConfiguration;
			buildSettings = {
				ALWAYS_SEARCH_USER_PATHS = NO;
				CLANG_CXX_LANGUAGE_STANDARD = "gnu++0x";
				CLANG_CXX_LIBRARY = "libc++";
				CLANG_ENABLE_MODULES = YES;
				CLANG_ENABLE_OBJC_ARC = YES;
				CLANG_WARN_BOOL_CONVERSION = YES;
				CLANG_WARN_CONSTANT_CONVERSION = YES;
				CLANG_WARN_DIRECT_OBJC_ISA_USAGE = YES_ERROR;
				CLANG_WARN_EMPTY_BODY = YES;
				CLANG_WARN_ENUM_CONVERSION = YES;
				CLANG_WARN_INT_CONVERSION = YES;
				CLANG_WARN_OBJC_ROOT_CLASS = YES_ERROR;
				CLANG_WARN_UNREACHABLE_CODE = YES;
				CLANG_WARN__DUPLICATE_METHOD_MATCH = YES;
				"CODE_SIGN_IDENTITY[sdk=iphoneos*]" = "iPhone Developer";
				COPY_PHASE_STRIP = NO;
				DEBUG_INFORMATION_FORMAT = "dwarf-with-dsym";
				ENABLE_NS_ASSERTIONS = NO;
				ENABLE_STRICT_OBJC_MSGSEND = YES;
				GCC_C_LANGUAGE_STANDARD = gnu99;
				GCC_NO_COMMON_BLOCKS = YES;
				GCC_WARN_64_TO_32_BIT_CONVERSION = YES;
				GCC_WARN_ABOUT_RETURN_TYPE = YES_ERROR;
				GCC_WARN_UNDECLARED_SELECTOR = YES;
				GCC_WARN_UNINITIALIZED_AUTOS = YES_AGGRESSIVE;
				GCC_WARN_UNUSED_FUNCTION = YES;
				GCC_WARN_UNUSED_VARIABLE = YES;
				IPHONEOS_DEPLOYMENT_TARGET = 9.1;
				MTL_ENABLE_DEBUG_INFO = NO;
				SDKROOT = iphoneos;
				VALIDATE_PRODUCT = YES;
			};
			name = Release;
		};
		CECF4CB41C0699E500A8E91D /* Debug */ = {
			isa = XCBuildConfiguration;
			buildSettings = {
				ASSETCATALOG_COMPILER_APPICON_NAME = AppIcon;
				INFOPLIST_FILE = "retro-calculator/Info.plist";
				LD_RUNPATH_SEARCH_PATHS = "$(inherited) @executable_path/Frameworks";
				PRODUCT_BUNDLE_IDENTIFIER = "com.packshi.retro-calculator";
				PRODUCT_NAME = "$(TARGET_NAME)";
			};
			name = Debug;
		};
		CECF4CB51C0699E500A8E91D /* Release */ = {
			isa = XCBuildConfiguration;
			buildSettings = {
				ASSETCATALOG_COMPILER_APPICON_NAME = AppIcon;
				INFOPLIST_FILE = "retro-calculator/Info.plist";
				LD_RUNPATH_SEARCH_PATHS = "$(inherited) @executable_path/Frameworks";
				PRODUCT_BUNDLE_IDENTIFIER = "com.packshi.retro-calculator";
				PRODUCT_NAME = "$(TARGET_NAME)";
			};
			name = Release;
		};
/* End XCBuildConfiguration section */

/* Begin XCConfigurationList section */
		CECF4C991C0699E500A8E91D /* Build configuration list for PBXProject "retro-calculator" */ = {
			isa = XCConfigurationList;
			buildConfigurations = (
				CECF4CB11C0699E500A8E91D /* Debug */,
				CECF4CB21C0699E500A8E91D /* Release */,
			);
			defaultConfigurationIsVisible = 0;
			defaultConfigurationName = Release;
		};
		CECF4CB31C0699E500A8E91D /* Build configuration list for PBXNativeTarget "retro-calculator" */ = {
			isa = XCConfigurationList;
			buildConfigurations = (
				CECF4CB41C0699E500A8E91D /* Debug */,
				CECF4CB51C0699E500A8E91D /* Release */,
			);
			defaultConfigurationIsVisible = 0;
		};
/* End XCConfigurationList section */

/* Begin XCVersionGroup section */
		CECF4CA81C0699E500A8E91D /* retro_calculator.xcdatamodeld */ = {
			isa = XCVersionGroup;
			children = (
				CECF4CA91C0699E500A8E91D /* retro_calculator.xcdatamodel */,
			);
			currentVersion = CECF4CA91C0699E500A8E91D /* retro_calculator.xcdatamodel */;
			path = retro_calculator.xcdatamodeld;
			sourceTree = "<group>";
			versionGroupType = wrapper.xcdatamodel;
		};
/* End XCVersionGroup section */
	};
	rootObject = CECF4C961C0699E500A8E91D /* Project object */;
}
